Microsoft Visual Studio Solution File, Format Version 12.00
# Visual Studio Version 17
VisualStudioVersion = 17.0.31919.166
MinimumVisualStudioVersion = 10.0.40219.1
Project("{2150E333-8FDC-42A3-9474-1A3956D46DE8}") = "src", "src", "{B27AC377-44CC-4C96-ABD3-E73C74700996}"
EndProject
Project("{2150E333-8FDC-42A3-9474-1A3956D46DE8}") = "1 - infrastructure", "1 - infrastructure", "{4F79249A-51EF-4D55-BFC4-69B939B2A3FD}"
EndProject
Project("{2150E333-8FDC-42A3-9474-1A3956D46DE8}") = "2 - domain", "2 - domain", "{0C75A526-4B28-4231-A997-AED0B38BFA67}"
EndProject
Project("{2150E333-8FDC-42A3-9474-1A3956D46DE8}") = "1.1 - implementations", "1.1 - implementations", "{DB3428B7-9561-4D89-AB3E-11354E829787}"
EndProject
Project("{2150E333-8FDC-42A3-9474-1A3956D46DE8}") = "2.3 - implementations", "2.3 - implementations", "{66D705A1-3E18-47C1-977E-5C7B271B0CEA}"
EndProject
Project("{2150E333-8FDC-42A3-9474-1A3956D46DE8}") = "3 - service", "3 - service", "{CD922FCA-5BB6-499B-A23E-684D97C4E9AC}"
EndProject
Project("{2150E333-8FDC-42A3-9474-1A3956D46DE8}") = "3.1 - contracts", "3.1 - contracts", "{389C7BCE-1308-4CB0-B072-005780D84851}"
EndProject
Project("{2150E333-8FDC-42A3-9474-1A3956D46DE8}") = "3.2 - implementations", "3.2 - implementations", "{6BBCD0A9-23C2-4F9C-B30E-22C7671A8ECF}"
EndProject
Project("{2150E333-8FDC-42A3-9474-1A3956D46DE8}") = "4 - application", "4 - application", "{551BFEA8-D91F-48C6-8FA1-4BD295FAFDFD}"
EndProject
Project("{2150E333-8FDC-42A3-9474-1A3956D46DE8}") = "5 - crosscutting", "5 - crosscutting", "{982177DC-CDD0-495C-A8A1-B11E3130F0A6}"
EndProject
Project("{2150E333-8FDC-42A3-9474-1A3956D46DE8}") = "2.1 - model", "2.1 - model", "{783247EC-B6F4-4F2F-821D-1CCA4083CBBE}"
EndProject
Project("{2150E333-8FDC-42A3-9474-1A3956D46DE8}") = "6 - tests", "6 - tests", "{38FE38D2-9635-4DAF-9234-B1CAD12DD6AC}"
EndProject
Project("{9A19103F-16F7-4668-BE54-9A1E7A4F7556}") = "Cashflow.Infra.Implementations", "src\Cashflow.Infra.Implementations\Cashflow.Infra.Implementations.csproj", "{0BF62728-4213-4AAE-9AC9-A50CF5E9D6CB}"
EndProject
Project("{9A19103F-16F7-4668-BE54-9A1E7A4F7556}") = "Cashflow.Domain.Model", "src\Cashflow.Domain.Model\Cashflow.Domain.Model.csproj", "{63240EE6-9D0A-4F6B-9075-8519D30651DC}"
EndProject
Project("{9A19103F-16F7-4668-BE54-9A1E7A4F7556}") = "Cashflow.Domain.Implementations", "src\Cashflow.Domain.Implementations\Cashflow.Domain.Implementations.csproj", "{36ED21BD-67D7-4326-B8EA-0D61A0FF66CD}"
EndProject
Project("{9A19103F-16F7-4668-BE54-9A1E7A4F7556}") = "Cashflow.Services.Contracts", "src\Cashflow.Services.Contracts\Cashflow.Services.Contracts.csproj", "{74141CC9-7562-4674-9F69-6BB5C13063F1}"
EndProject
Project("{9A19103F-16F7-4668-BE54-9A1E7A4F7556}") = "Cashflow.Services.Implementations", "src\Cashflow.Services.Implementations\Cashflow.Services.Implementations.csproj", "{C0F53DD3-DD85-45C0-8CFF-5A6D91376D0A}"
EndProject
Project("{9A19103F-16F7-4668-BE54-9A1E7A4F7556}") = "Cashflow.Application.Webapi", "src\Cashflow.Application.Webapi\Cashflow.Application.Webapi.csproj", "{E186C5F4-0CD6-4D60-8498-85B5522C1AF7}"
EndProject
Project("{9A19103F-16F7-4668-BE54-9A1E7A4F7556}") = "Cashflow.Crosscutting", "src\Cashflow.Crosscutting\Cashflow.Crosscutting.csproj", "{2EE03D8F-2A12-43A4-ABF7-DDD0C2F3B1A1}"
EndProject
Project("{9A19103F-16F7-4668-BE54-9A1E7A4F7556}") = "Cashflow.MicroService.Tests", "src\Cashflow.MicroService.Tests\Cashflow.MicroService.Tests.csproj", "{7161BF9A-AE2C-40A9-B5DE-BE6F735C9592}"
EndProject
Project("{2150E333-8FDC-42A3-9474-1A3956D46DE8}") = "2.2 - contracts", "2.2 - contracts", "{48E2A23A-A78A-49A1-B71E-9C3FD3635EA7}"
EndProject
Project("{9A19103F-16F7-4668-BE54-9A1E7A4F7556}") = "Cashflow.Domain.Contracts", "src\Cashflow.Domain.Contracts\Cashflow.Domain.Contracts.csproj", "{DE0062BE-7B51-4076-9597-D7F2E289FDE3}"
EndProject
Global
	GlobalSection(SolutionConfigurationPlatforms) = preSolution
		Debug|Any CPU = Debug|Any CPU
		Release|Any CPU = Release|Any CPU
	EndGlobalSection
	GlobalSection(ProjectConfigurationPlatforms) = postSolution
		{0BF62728-4213-4AAE-9AC9-A50CF5E9D6CB}.Debug|Any CPU.ActiveCfg = Debug|Any CPU
		{0BF62728-4213-4AAE-9AC9-A50CF5E9D6CB}.Debug|Any CPU.Build.0 = Debug|Any CPU
		{0BF62728-4213-4AAE-9AC9-A50CF5E9D6CB}.Release|Any CPU.ActiveCfg = Release|Any CPU
		{0BF62728-4213-4AAE-9AC9-A50CF5E9D6CB}.Release|Any CPU.Build.0 = Release|Any CPU
		{63240EE6-9D0A-4F6B-9075-8519D30651DC}.Debug|Any CPU.ActiveCfg = Debug|Any CPU
		{63240EE6-9D0A-4F6B-9075-8519D30651DC}.Debug|Any CPU.Build.0 = Debug|Any CPU
		{63240EE6-9D0A-4F6B-9075-8519D30651DC}.Release|Any CPU.ActiveCfg = Release|Any CPU
		{63240EE6-9D0A-4F6B-9075-8519D30651DC}.Release|Any CPU.Build.0 = Release|Any CPU
		{36ED21BD-67D7-4326-B8EA-0D61A0FF66CD}.Debug|Any CPU.ActiveCfg = Debug|Any CPU
		{36ED21BD-67D7-4326-B8EA-0D61A0FF66CD}.Debug|Any CPU.Build.0 = Debug|Any CPU
		{36ED21BD-67D7-4326-B8EA-0D61A0FF66CD}.Release|Any CPU.ActiveCfg = Release|Any CPU
		{36ED21BD-67D7-4326-B8EA-0D61A0FF66CD}.Release|Any CPU.Build.0 = Release|Any CPU
		{74141CC9-7562-4674-9F69-6BB5C13063F1}.Debug|Any CPU.ActiveCfg = Debug|Any CPU
		{74141CC9-7562-4674-9F69-6BB5C13063F1}.Debug|Any CPU.Build.0 = Debug|Any CPU
		{74141CC9-7562-4674-9F69-6BB5C13063F1}.Release|Any CPU.ActiveCfg = Release|Any CPU
		{74141CC9-7562-4674-9F69-6BB5C13063F1}.Release|Any CPU.Build.0 = Release|Any CPU
		{C0F53DD3-DD85-45C0-8CFF-5A6D91376D0A}.Debug|Any CPU.ActiveCfg = Debug|Any CPU
		{C0F53DD3-DD85-45C0-8CFF-5A6D91376D0A}.Debug|Any CPU.Build.0 = Debug|Any CPU
		{C0F53DD3-DD85-45C0-8CFF-5A6D91376D0A}.Release|Any CPU.ActiveCfg = Release|Any CPU
		{C0F53DD3-DD85-45C0-8CFF-5A6D91376D0A}.Release|Any CPU.Build.0 = Release|Any CPU
		{E186C5F4-0CD6-4D60-8498-85B5522C1AF7}.Debug|Any CPU.ActiveCfg = Debug|Any CPU
		{E186C5F4-0CD6-4D60-8498-85B5522C1AF7}.Debug|Any CPU.Build.0 = Debug|Any CPU
		{E186C5F4-0CD6-4D60-8498-85B5522C1AF7}.Release|Any CPU.ActiveCfg = Release|Any CPU
		{E186C5F4-0CD6-4D60-8498-85B5522C1AF7}.Release|Any CPU.Build.0 = Release|Any CPU
		{2EE03D8F-2A12-43A4-ABF7-DDD0C2F3B1A1}.Debug|Any CPU.ActiveCfg = Debug|Any CPU
		{2EE03D8F-2A12-43A4-ABF7-DDD0C2F3B1A1}.Debug|Any CPU.Build.0 = Debug|Any CPU
		{2EE03D8F-2A12-43A4-ABF7-DDD0C2F3B1A1}.Release|Any CPU.ActiveCfg = Release|Any CPU
		{2EE03D8F-2A12-43A4-ABF7-DDD0C2F3B1A1}.Release|Any CPU.Build.0 = Release|Any CPU
		{7161BF9A-AE2C-40A9-B5DE-BE6F735C9592}.Debug|Any CPU.ActiveCfg = Debug|Any CPU
		{7161BF9A-AE2C-40A9-B5DE-BE6F735C9592}.Debug|Any CPU.Build.0 = Debug|Any CPU
		{7161BF9A-AE2C-40A9-B5DE-BE6F735C9592}.Release|Any CPU.ActiveCfg = Release|Any CPU
		{7161BF9A-AE2C-40A9-B5DE-BE6F735C9592}.Release|Any CPU.Build.0 = Release|Any CPU
		{DE0062BE-7B51-4076-9597-D7F2E289FDE3}.Debug|Any CPU.ActiveCfg = Debug|Any CPU
		{DE0062BE-7B51-4076-9597-D7F2E289FDE3}.Debug|Any CPU.Build.0 = Debug|Any CPU
		{DE0062BE-7B51-4076-9597-D7F2E289FDE3}.Release|Any CPU.ActiveCfg = Release|Any CPU
		{DE0062BE-7B51-4076-9597-D7F2E289FDE3}.Release|Any CPU.Build.0 = Release|Any CPU
	EndGlobalSection
	GlobalSection(SolutionProperties) = preSolution
		HideSolutionNode = FALSE
	EndGlobalSection
	GlobalSection(NestedProjects) = preSolution
		{4F79249A-51EF-4D55-BFC4-69B939B2A3FD} = {B27AC377-44CC-4C96-ABD3-E73C74700996}
		{0C75A526-4B28-4231-A997-AED0B38BFA67} = {B27AC377-44CC-4C96-ABD3-E73C74700996}
		{DB3428B7-9561-4D89-AB3E-11354E829787} = {4F79249A-51EF-4D55-BFC4-69B939B2A3FD}
		{66D705A1-3E18-47C1-977E-5C7B271B0CEA} = {0C75A526-4B28-4231-A997-AED0B38BFA67}
		{CD922FCA-5BB6-499B-A23E-684D97C4E9AC} = {B27AC377-44CC-4C96-ABD3-E73C74700996}
		{389C7BCE-1308-4CB0-B072-005780D84851} = {CD922FCA-5BB6-499B-A23E-684D97C4E9AC}
		{6BBCD0A9-23C2-4F9C-B30E-22C7671A8ECF} = {CD922FCA-5BB6-499B-A23E-684D97C4E9AC}
		{551BFEA8-D91F-48C6-8FA1-4BD295FAFDFD} = {B27AC377-44CC-4C96-ABD3-E73C74700996}
		{982177DC-CDD0-495C-A8A1-B11E3130F0A6} = {B27AC377-44CC-4C96-ABD3-E73C74700996}
		{783247EC-B6F4-4F2F-821D-1CCA4083CBBE} = {0C75A526-4B28-4231-A997-AED0B38BFA67}
		{38FE38D2-9635-4DAF-9234-B1CAD12DD6AC} = {B27AC377-44CC-4C96-ABD3-E73C74700996}
		{0BF62728-4213-4AAE-9AC9-A50CF5E9D6CB} = {DB3428B7-9561-4D89-AB3E-11354E829787}
		{63240EE6-9D0A-4F6B-9075-8519D30651DC} = {783247EC-B6F4-4F2F-821D-1CCA4083CBBE}
		{36ED21BD-67D7-4326-B8EA-0D61A0FF66CD} = {66D705A1-3E18-47C1-977E-5C7B271B0CEA}
		{74141CC9-7562-4674-9F69-6BB5C13063F1} = {389C7BCE-1308-4CB0-B072-005780D84851}
		{C0F53DD3-DD85-45C0-8CFF-5A6D91376D0A} = {6BBCD0A9-23C2-4F9C-B30E-22C7671A8ECF}
		{E186C5F4-0CD6-4D60-8498-85B5522C1AF7} = {551BFEA8-D91F-48C6-8FA1-4BD295FAFDFD}
		{2EE03D8F-2A12-43A4-ABF7-DDD0C2F3B1A1} = {982177DC-CDD0-495C-A8A1-B11E3130F0A6}
		{7161BF9A-AE2C-40A9-B5DE-BE6F735C9592} = {38FE38D2-9635-4DAF-9234-B1CAD12DD6AC}
		{48E2A23A-A78A-49A1-B71E-9C3FD3635EA7} = {0C75A526-4B28-4231-A997-AED0B38BFA67}
		{DE0062BE-7B51-4076-9597-D7F2E289FDE3} = {48E2A23A-A78A-49A1-B71E-9C3FD3635EA7}
	EndGlobalSection
	GlobalSection(ExtensibilityGlobals) = postSolution
		SolutionGuid = {3428518A-FAFE-4CF1-839B-954DDBD6E9FA}
	EndGlobalSection
EndGlobal
